
Microsoft Visual Studio Solution File, Format Version 12.00
# Visual Studio Version 16
VisualStudioVersion = 16.0.30907.101
MinimumVisualStudioVersion = 10.0.40219.1
Project("{8BC9CEB8-8B4A-11D0-8D11-00A0C91BC942}") = "q1ptd", "q1ptd\q1ptd.vcxproj", "{BEBB784E-559D-4B6F-8B69-E03D75E107EC}"
EndProject
Global
	GlobalSection(SolutionConfigurationPlatforms) = preSolution
		Debug|x64 = Debug|x64
		Debug|x86 = Debug|x86
		Release|x64 = Release|x64
		Release|x86 = Release|x86
	EndGlobalSection
	GlobalSection(ProjectConfigurationPlatforms) = postSolution
		{BEBB784E-559D-4B6F-8B69-E03D75E107EC}.Debug|x64.ActiveCfg = Debug|x64
		{BEBB784E-559D-4B6F-8B69-E03D75E107EC}.Debug|x64.Build.0 = Debug|x64
		{BEBB784E-559D-4B6F-8B69-E03D75E107EC}.Debug|x86.ActiveCfg = Debug|Win32
		{BEBB784E-559D-4B6F-8B69-E03D75E107EC}.Debug|x86.Build.0 = Debug|Win32
		{BEBB784E-559D-4B6F-8B69-E03D75E107EC}.Release|x64.ActiveCfg = Release|x64
		{BEBB784E-559D-4B6F-8B69-E03D75E107EC}.Release|x64.Build.0 = Release|x64
		{BEBB784E-559D-4B6F-8B69-E03D75E107EC}.Release|x86.ActiveCfg = Release|Win32
		{BEBB784E-559D-4B6F-8B69-E03D75E107EC}.Release|x86.Build.0 = Release|Win32
	EndGlobalSection
	GlobalSection(SolutionProperties) = preSolution
		HideSolutionNode = FALSE
	EndGlobalSection
	GlobalSection(ExtensibilityGlobals) = postSolution
		SolutionGuid = {C55FF6E4-494D-4470-BEB1-B4E261A8BE5D}
	EndGlobalSection
EndGlobal
