
Microsoft Visual Studio Solution File, Format Version 12.00
# Visual Studio Version 16
VisualStudioVersion = 16.0.30907.101
MinimumVisualStudioVersion = 10.0.40219.1
Project("{8BC9CEB8-8B4A-11D0-8D11-00A0C91BC942}") = "Project1", "Project1\Project1.vcxproj", "{917B0C10-124A-4A5E-A8D8-21505B2B4400}"
EndProject
Global
	GlobalSection(SolutionConfigurationPlatforms) = preSolution
		Debug|x64 = Debug|x64
		Debug|x86 = Debug|x86
		Release|x64 = Release|x64
		Release|x86 = Release|x86
	EndGlobalSection
	GlobalSection(ProjectConfigurationPlatforms) = postSolution
		{917B0C10-124A-4A5E-A8D8-21505B2B4400}.Debug|x64.ActiveCfg = Debug|x64
		{917B0C10-124A-4A5E-A8D8-21505B2B4400}.Debug|x64.Build.0 = Debug|x64
		{917B0C10-124A-4A5E-A8D8-21505B2B4400}.Debug|x86.ActiveCfg = Debug|Win32
		{917B0C10-124A-4A5E-A8D8-21505B2B4400}.Debug|x86.Build.0 = Debug|Win32
		{917B0C10-124A-4A5E-A8D8-21505B2B4400}.Release|x64.ActiveCfg = Release|x64
		{917B0C10-124A-4A5E-A8D8-21505B2B4400}.Release|x64.Build.0 = Release|x64
		{917B0C10-124A-4A5E-A8D8-21505B2B4400}.Release|x86.ActiveCfg = Release|Win32
		{917B0C10-124A-4A5E-A8D8-21505B2B4400}.Release|x86.Build.0 = Release|Win32
	EndGlobalSection
	GlobalSection(SolutionProperties) = preSolution
		HideSolutionNode = FALSE
	EndGlobalSection
	GlobalSection(ExtensibilityGlobals) = postSolution
		SolutionGuid = {281EB8C9-6D41-4812-9F82-D40C5BB9D5F2}
	EndGlobalSection
EndGlobal
