
Microsoft Visual Studio Solution File, Format Version 12.00
# Visual Studio Version 16
VisualStudioVersion = 16.0.30907.101
MinimumVisualStudioVersion = 10.0.40219.1
Project("{8BC9CEB8-8B4A-11D0-8D11-00A0C91BC942}") = "Hw6", "Hw6\Hw6.vcxproj", "{73296661-784C-43B3-A80D-6F09B78028E1}"
EndProject
Global
	GlobalSection(SolutionConfigurationPlatforms) = preSolution
		Debug|x64 = Debug|x64
		Debug|x86 = Debug|x86
		Release|x64 = Release|x64
		Release|x86 = Release|x86
	EndGlobalSection
	GlobalSection(ProjectConfigurationPlatforms) = postSolution
		{73296661-784C-43B3-A80D-6F09B78028E1}.Debug|x64.ActiveCfg = Debug|x64
		{73296661-784C-43B3-A80D-6F09B78028E1}.Debug|x64.Build.0 = Debug|x64
		{73296661-784C-43B3-A80D-6F09B78028E1}.Debug|x86.ActiveCfg = Debug|Win32
		{73296661-784C-43B3-A80D-6F09B78028E1}.Debug|x86.Build.0 = Debug|Win32
		{73296661-784C-43B3-A80D-6F09B78028E1}.Release|x64.ActiveCfg = Release|x64
		{73296661-784C-43B3-A80D-6F09B78028E1}.Release|x64.Build.0 = Release|x64
		{73296661-784C-43B3-A80D-6F09B78028E1}.Release|x86.ActiveCfg = Release|Win32
		{73296661-784C-43B3-A80D-6F09B78028E1}.Release|x86.Build.0 = Release|Win32
	EndGlobalSection
	GlobalSection(SolutionProperties) = preSolution
		HideSolutionNode = FALSE
	EndGlobalSection
	GlobalSection(ExtensibilityGlobals) = postSolution
		SolutionGuid = {B3373452-407D-4A55-8D3A-2E34B04C9FCF}
	EndGlobalSection
EndGlobal
